
Microsoft Visual Studio Solution File, Format Version 12.00
# Visual Studio Version 17
VisualStudioVersion = 17.4.33205.214
MinimumVisualStudioVersion = 10.0.40219.1
Project("{9A19103F-16F7-4668-BE54-9A1E7A4F7556}") = "MagicVilla_VillaAPI", "MagicVilla_VillaAPI\MagicVilla_VillaAPI.csproj", "{4318D6D9-6932-421A-8DF0-4038934D7E34}"
EndProject
Project("{FAE04EC0-301F-11D3-BF4B-00C04F79EFBC}") = "MagicVilla_Web", "MagicVilla_Web\MagicVilla_Web.csproj", "{74222671-9EB6-4FEF-A46D-98BBCFEF48B0}"
EndProject
Project("{FAE04EC0-301F-11D3-BF4B-00C04F79EFBC}") = "MagicVilla_Utility", "MagicVilla_Utility\MagicVilla_Utility\MagicVilla_Utility.csproj", "{1BA887DC-F31D-4ECB-883F-3D822B1EB230}"
EndProject
Global
	GlobalSection(SolutionConfigurationPlatforms) = preSolution
		Debug|Any CPU = Debug|Any CPU
		Release|Any CPU = Release|Any CPU
	EndGlobalSection
	GlobalSection(ProjectConfigurationPlatforms) = postSolution
		{4318D6D9-6932-421A-8DF0-4038934D7E34}.Debug|Any CPU.ActiveCfg = Debug|Any CPU
		{4318D6D9-6932-421A-8DF0-4038934D7E34}.Debug|Any CPU.Build.0 = Debug|Any CPU
		{4318D6D9-6932-421A-8DF0-4038934D7E34}.Release|Any CPU.ActiveCfg = Release|Any CPU
		{4318D6D9-6932-421A-8DF0-4038934D7E34}.Release|Any CPU.Build.0 = Release|Any CPU
		{74222671-9EB6-4FEF-A46D-98BBCFEF48B0}.Debug|Any CPU.ActiveCfg = Debug|Any CPU
		{74222671-9EB6-4FEF-A46D-98BBCFEF48B0}.Debug|Any CPU.Build.0 = Debug|Any CPU
		{74222671-9EB6-4FEF-A46D-98BBCFEF48B0}.Release|Any CPU.ActiveCfg = Release|Any CPU
		{74222671-9EB6-4FEF-A46D-98BBCFEF48B0}.Release|Any CPU.Build.0 = Release|Any CPU
		{1BA887DC-F31D-4ECB-883F-3D822B1EB230}.Debug|Any CPU.ActiveCfg = Debug|Any CPU
		{1BA887DC-F31D-4ECB-883F-3D822B1EB230}.Debug|Any CPU.Build.0 = Debug|Any CPU
		{1BA887DC-F31D-4ECB-883F-3D822B1EB230}.Release|Any CPU.ActiveCfg = Release|Any CPU
		{1BA887DC-F31D-4ECB-883F-3D822B1EB230}.Release|Any CPU.Build.0 = Release|Any CPU
	EndGlobalSection
	GlobalSection(SolutionProperties) = preSolution
		HideSolutionNode = FALSE
	EndGlobalSection
	GlobalSection(ExtensibilityGlobals) = postSolution
		SolutionGuid = {66126975-DDE5-47FD-9622-89261BD7D04F}
	EndGlobalSection
EndGlobal
